<?xml version="1.0" encoding="utf-8"?>
<Project ToolsVersion="4.0" xmlns="http://schemas.microsoft.com/developer/msbuild/2003">
  <ItemGroup>
    <Filter Include="Source Files">
      <UniqueIdentifier>{caffc8ca-52e1-47fa-b64b-8bf5bf6c878c}</UniqueIdentifier>
      <Extensions>cpp;c;cxx;rc;def;r;odl;idl;hpj;bat</Extensions>
    </Filter>
    <Filter Include="Header Files">
      <UniqueIdentifier>{b8cdf2f8-c0d0-4545-87c1-ca0fd7f07d76}</UniqueIdentifier>
      <Extensions>h;hpp;hxx;hm;inl</Extensions>
    </Filter>
    <Filter Include="Resource Files">
      <UniqueIdentifier>{ee446f9e-0dad-4dd9-be4d-ebffabfba679}</UniqueIdentifier>
      <Extensions>ico;cur;bmp;dlg;rc2;rct;bin;rgs;gif;jpg;jpeg;jpe</Extensions>
    </Filter>
  </ItemGroup>
  <ItemGroup>
    <ClCompile Include="..\boot.c">
      <Filter>Source Files</Filter>
    </ClCompile>
    <ClCompile Include="..\delet.c">
      <Filter>Source Files</Filter>
    </ClCompile>
    <ClCompile Include="..\input.c">
      <Filter>Source Files</Filter>
    </ClCompile>
    <ClCompile Include="..\insert.c">
      <Filter>Source Files</Filter>
    </ClCompile>
    <ClCompile Include="..\main.c">
      <Filter>Source Files</Filter>
    </ClCompile>
    <ClCompile Include="..\readstu.c">
      <Filter>Source Files</Filter>
    </ClCompile>
    <ClCompile Include="..\realloc.c">
      <Filter>Source Files</Filter>
    </ClCompile>
    <ClCompile Include="..\search.c">
      <Filter>Source Files</Filter>
    </ClCompile>
    <ClCompile Include="..\search_boot.c">
      <Filter>Source Files</Filter>
    </ClCompile>
    <ClCompile Include="..\search_name.c">
      <Filter>Source Files</Filter>
    </ClCompile>
    <ClCompile Include="..\search_num.c">
      <Filter>Source Files</Filter>
    </ClCompile>
    <ClCompile Include="..\search_score.c">
      <Filter>Source Files</Filter>
    </ClCompile>
    <ClCompile Include="..\show.c">
      <Filter>Source Files</Filter>
    </ClCompile>
    <ClCompile Include="..\show_boot.c">
      <Filter>Source Files</Filter>
    </ClCompile>
    <ClCompile Include="..\sort_aver.c">
      <Filter>Source Files</Filter>
    </ClCompile>
    <ClCompile Include="..\sort_name.c">
      <Filter>Source Files</Filter>
    </ClCompile>
    <ClCompile Include="..\sort_num.c">
      <Filter>Source Files</Filter>
    </ClCompile>
    <ClCompile Include="..\sort_total.c">
      <Filter>Source Files</Filter>
    </ClCompile>
    <ClCompile Include="..\update.c">
      <Filter>Source Files</Filter>
    </ClCompile>
    <ClCompile Include="..\update_boot.c">
      <Filter>Source Files</Filter>
    </ClCompile>
    <ClCompile Include="..\writefile.c">
      <Filter>Source Files</Filter>
    </ClCompile>
  </ItemGroup>
  <ItemGroup>
    <ClInclude Include="..\student.h">
      <Filter>Header Files</Filter>
    </ClInclude>
  </ItemGroup>
</Project>